
Microsoft Visual Studio Solution File, Format Version 12.00
# Visual Studio 15
VisualStudioVersion = 15.0.27703.2035
MinimumVisualStudioVersion = 10.0.40219.1
Project("{8BC9CEB8-8B4A-11D0-8D11-00A0C91BC942}") = "ConsoleApplication2", "ConsoleApplication2\ConsoleApplication2.vcxproj", "{54A14252-6986-45E3-A1E0-CDF73320AD11}"
EndProject
Global
	GlobalSection(SolutionConfigurationPlatforms) = preSolution
		Debug|x64 = Debug|x64
		Debug|x86 = Debug|x86
		Release|x64 = Release|x64
		Release|x86 = Release|x86
	EndGlobalSection
	GlobalSection(ProjectConfigurationPlatforms) = postSolution
		{54A14252-6986-45E3-A1E0-CDF73320AD11}.Debug|x64.ActiveCfg = Debug|x64
		{54A14252-6986-45E3-A1E0-CDF73320AD11}.Debug|x64.Build.0 = Debug|x64
		{54A14252-6986-45E3-A1E0-CDF73320AD11}.Debug|x86.ActiveCfg = Debug|Win32
		{54A14252-6986-45E3-A1E0-CDF73320AD11}.Debug|x86.Build.0 = Debug|Win32
		{54A14252-6986-45E3-A1E0-CDF73320AD11}.Release|x64.ActiveCfg = Release|x64
		{54A14252-6986-45E3-A1E0-CDF73320AD11}.Release|x64.Build.0 = Release|x64
		{54A14252-6986-45E3-A1E0-CDF73320AD11}.Release|x86.ActiveCfg = Release|Win32
		{54A14252-6986-45E3-A1E0-CDF73320AD11}.Release|x86.Build.0 = Release|Win32
	EndGlobalSection
	GlobalSection(SolutionProperties) = preSolution
		HideSolutionNode = FALSE
	EndGlobalSection
	GlobalSection(ExtensibilityGlobals) = postSolution
		SolutionGuid = {9E9E4B50-13C1-4DC3-8F55-EE57D2C66BB9}
	EndGlobalSection
EndGlobal
